
Microsoft Visual Studio Solution File, Format Version 12.00
# Visual Studio Version 17
VisualStudioVersion = 17.8.34309.116
MinimumVisualStudioVersion = 10.0.40219.1
Project("{9A19103F-16F7-4668-BE54-9A1E7A4F7556}") = "CarRentalManagement.Server", "CarRentalManagement\Server\CarRentalManagement.Server.csproj", "{F9202282-DE2F-40F6-9853-CE27C768867E}"
EndProject
Project("{9A19103F-16F7-4668-BE54-9A1E7A4F7556}") = "CarRentalManagement.Client", "CarRentalManagement\Client\CarRentalManagement.Client.csproj", "{50FF4EDC-ACC4-4134-A98B-7431E4F471A8}"
EndProject
Project("{9A19103F-16F7-4668-BE54-9A1E7A4F7556}") = "CarRentalManagement.Shared", "CarRentalManagement\Shared\CarRentalManagement.Shared.csproj", "{75895757-70FB-4576-A8FF-0309326750DD}"
EndProject
Global
	GlobalSection(SolutionConfigurationPlatforms) = preSolution
		Debug|Any CPU = Debug|Any CPU
		Release|Any CPU = Release|Any CPU
	EndGlobalSection
	GlobalSection(ProjectConfigurationPlatforms) = postSolution
		{F9202282-DE2F-40F6-9853-CE27C768867E}.Debug|Any CPU.ActiveCfg = Debug|Any CPU
		{F9202282-DE2F-40F6-9853-CE27C768867E}.Debug|Any CPU.Build.0 = Debug|Any CPU
		{F9202282-DE2F-40F6-9853-CE27C768867E}.Release|Any CPU.ActiveCfg = Release|Any CPU
		{F9202282-DE2F-40F6-9853-CE27C768867E}.Release|Any CPU.Build.0 = Release|Any CPU
		{50FF4EDC-ACC4-4134-A98B-7431E4F471A8}.Debug|Any CPU.ActiveCfg = Debug|Any CPU
		{50FF4EDC-ACC4-4134-A98B-7431E4F471A8}.Debug|Any CPU.Build.0 = Debug|Any CPU
		{50FF4EDC-ACC4-4134-A98B-7431E4F471A8}.Release|Any CPU.ActiveCfg = Release|Any CPU
		{50FF4EDC-ACC4-4134-A98B-7431E4F471A8}.Release|Any CPU.Build.0 = Release|Any CPU
		{75895757-70FB-4576-A8FF-0309326750DD}.Debug|Any CPU.ActiveCfg = Debug|Any CPU
		{75895757-70FB-4576-A8FF-0309326750DD}.Debug|Any CPU.Build.0 = Debug|Any CPU
		{75895757-70FB-4576-A8FF-0309326750DD}.Release|Any CPU.ActiveCfg = Release|Any CPU
		{75895757-70FB-4576-A8FF-0309326750DD}.Release|Any CPU.Build.0 = Release|Any CPU
	EndGlobalSection
	GlobalSection(SolutionProperties) = preSolution
		HideSolutionNode = FALSE
	EndGlobalSection
	GlobalSection(ExtensibilityGlobals) = postSolution
		SolutionGuid = {18020599-45DD-44DD-8AB0-7B222A1AA482}
	EndGlobalSection
EndGlobal
